
Microsoft Visual Studio Solution File, Format Version 12.00
# Visual Studio 15
VisualStudioVersion = 15.0.28307.271
MinimumVisualStudioVersion = 10.0.40219.1
Project("{FAE04EC0-301F-11D3-BF4B-00C04F79EFBC}") = "ObjectInitializers", "ObjectInitializers\ObjectInitializers.csproj", "{42724C26-A3CD-4BC6-BB49-38F234629C26}"
EndProject
Global
	GlobalSection(SolutionConfigurationPlatforms) = preSolution
		Debug|Any CPU = Debug|Any CPU
		Release|Any CPU = Release|Any CPU
	EndGlobalSection
	GlobalSection(ProjectConfigurationPlatforms) = postSolution
		{42724C26-A3CD-4BC6-BB49-38F234629C26}.Debug|Any CPU.ActiveCfg = Debug|Any CPU
		{42724C26-A3CD-4BC6-BB49-38F234629C26}.Debug|Any CPU.Build.0 = Debug|Any CPU
		{42724C26-A3CD-4BC6-BB49-38F234629C26}.Release|Any CPU.ActiveCfg = Release|Any CPU
		{42724C26-A3CD-4BC6-BB49-38F234629C26}.Release|Any CPU.Build.0 = Release|Any CPU
	EndGlobalSection
	GlobalSection(SolutionProperties) = preSolution
		HideSolutionNode = FALSE
	EndGlobalSection
	GlobalSection(ExtensibilityGlobals) = postSolution
		SolutionGuid = {0D33C19C-76C8-41B7-A8C5-B7BA77BAA90A}
	EndGlobalSection
EndGlobal
